
Microsoft Visual Studio Solution File, Format Version 12.00
# Visual Studio 2013
VisualStudioVersion = 12.0.31101.0
MinimumVisualStudioVersion = 10.0.40219.1
Project("{FAE04EC0-301F-11D3-BF4B-00C04F79EFBC}") = "Owin.Security.ActiveDirectoryLDAP", "Owin.Security.ActiveDirectoryLDAP\Owin.Security.ActiveDirectoryLDAP.csproj", "{5E604CA5-78D9-4CF1-ABAB-B89FECD41CB5}"
EndProject
Project("{FAE04EC0-301F-11D3-BF4B-00C04F79EFBC}") = "Owin.Security.ActiveDirectoryLDAP.Tests", "Owin.Security.ActiveDirectoryLDAP.Tests\Owin.Security.ActiveDirectoryLDAP.Tests.csproj", "{573D36C4-3716-419C-8F23-BE2305A1285E}"
EndProject
Project("{FAE04EC0-301F-11D3-BF4B-00C04F79EFBC}") = "Host", "Host\Host.csproj", "{B31A6CF2-4433-4376-9221-83EFD7C5B033}"
EndProject
Project("{FAE04EC0-301F-11D3-BF4B-00C04F79EFBC}") = "Security.ClaimAttributes", "Security.ClaimAttributes\Security.ClaimAttributes.csproj", "{F182A7EA-A9A5-41D9-8C83-89085116CF42}"
EndProject
Global
	GlobalSection(SolutionConfigurationPlatforms) = preSolution
		Debug|Any CPU = Debug|Any CPU
		Release|Any CPU = Release|Any CPU
	EndGlobalSection
	GlobalSection(ProjectConfigurationPlatforms) = postSolution
		{5E604CA5-78D9-4CF1-ABAB-B89FECD41CB5}.Debug|Any CPU.ActiveCfg = Debug|Any CPU
		{5E604CA5-78D9-4CF1-ABAB-B89FECD41CB5}.Debug|Any CPU.Build.0 = Debug|Any CPU
		{5E604CA5-78D9-4CF1-ABAB-B89FECD41CB5}.Release|Any CPU.ActiveCfg = Release|Any CPU
		{5E604CA5-78D9-4CF1-ABAB-B89FECD41CB5}.Release|Any CPU.Build.0 = Release|Any CPU
		{573D36C4-3716-419C-8F23-BE2305A1285E}.Debug|Any CPU.ActiveCfg = Debug|Any CPU
		{573D36C4-3716-419C-8F23-BE2305A1285E}.Debug|Any CPU.Build.0 = Debug|Any CPU
		{573D36C4-3716-419C-8F23-BE2305A1285E}.Release|Any CPU.ActiveCfg = Release|Any CPU
		{573D36C4-3716-419C-8F23-BE2305A1285E}.Release|Any CPU.Build.0 = Release|Any CPU
		{B31A6CF2-4433-4376-9221-83EFD7C5B033}.Debug|Any CPU.ActiveCfg = Debug|Any CPU
		{B31A6CF2-4433-4376-9221-83EFD7C5B033}.Debug|Any CPU.Build.0 = Debug|Any CPU
		{B31A6CF2-4433-4376-9221-83EFD7C5B033}.Release|Any CPU.ActiveCfg = Release|Any CPU
		{B31A6CF2-4433-4376-9221-83EFD7C5B033}.Release|Any CPU.Build.0 = Release|Any CPU
		{F182A7EA-A9A5-41D9-8C83-89085116CF42}.Debug|Any CPU.ActiveCfg = Debug|Any CPU
		{F182A7EA-A9A5-41D9-8C83-89085116CF42}.Debug|Any CPU.Build.0 = Debug|Any CPU
		{F182A7EA-A9A5-41D9-8C83-89085116CF42}.Release|Any CPU.ActiveCfg = Release|Any CPU
		{F182A7EA-A9A5-41D9-8C83-89085116CF42}.Release|Any CPU.Build.0 = Release|Any CPU
	EndGlobalSection
	GlobalSection(SolutionProperties) = preSolution
		HideSolutionNode = FALSE
	EndGlobalSection
EndGlobal
